
Microsoft Visual Studio Solution File, Format Version 12.00
# Visual Studio Version 17
VisualStudioVersion = 17.14.36414.22
MinimumVisualStudioVersion = 10.0.40219.1
Project("{8BC9CEB8-8B4A-11D0-8D11-00A0C91BC942}") = "getcharSample", "PutsGets\getcharSample\getcharSample.vcxproj", "{14F3655C-2A94-47E5-9F27-106BCEB5CE47}"
EndProject
Project("{8BC9CEB8-8B4A-11D0-8D11-00A0C91BC942}") = "_getcharSample", "PutsGets\_getcharSample\_getcharSample.vcxproj", "{4ADF69BA-FF11-4E5A-A658-FE6DFC097B7D}"
EndProject
Project("{8BC9CEB8-8B4A-11D0-8D11-00A0C91BC942}") = "addSample2", "susic\addSample2\addSample2.vcxproj", "{80EF95DB-2544-440A-ABA5-B8C704F32831}"
EndProject
Project("{8BC9CEB8-8B4A-11D0-8D11-00A0C91BC942}") = "modSample", "susic\modSample\modSample.vcxproj", "{CA90CCA0-0571-40CA-8FDC-A7FECF855A89}"
EndProject
Project("{8BC9CEB8-8B4A-11D0-8D11-00A0C91BC942}") = "getsSample", "PutsGets\getsSample\getsSample.vcxproj", "{7DC043F9-1941-4860-B206-2017F69DD9D4}"
EndProject
Project("{8BC9CEB8-8B4A-11D0-8D11-00A0C91BC942}") = "gets_sSample", "PutsGets\gets_sSample.c\gets_sSample.c.vcxproj", "{21ADFD6E-30B8-4F75-A201-400F0C6A0135}"
EndProject
Project("{8BC9CEB8-8B4A-11D0-8D11-00A0C91BC942}") = "addSample", "susic\addSample\Project1.vcxproj", "{3BA0F402-3B89-4215-9D61-A0C2851AC2BA}"
EndProject
Project("{8BC9CEB8-8B4A-11D0-8D11-00A0C91BC942}") = "a_operator", "operator\a_operator\a_operator.vcxproj", "{817DA2B2-4EEA-41F6-96C6-1A276AADBC43}"
EndProject
Project("{8BC9CEB8-8B4A-11D0-8D11-00A0C91BC942}") = "composite", "operator\composite\composite.vcxproj", "{B73A3C29-E21B-4739-A4CE-10E9E51F9E93}"
EndProject
Project("{8BC9CEB8-8B4A-11D0-8D11-00A0C91BC942}") = "unary", "operator\composite\unary\unary.vcxproj", "{6F1C7347-8CA2-4D65-A5E2-62242F59E297}"
EndProject
Project("{8BC9CEB8-8B4A-11D0-8D11-00A0C91BC942}") = "Q1", "Q\Q1\Q1.vcxproj", "{354C5812-2B97-4A09-88A7-AC917FEC26EB}"
EndProject
Project("{8BC9CEB8-8B4A-11D0-8D11-00A0C91BC942}") = "Q2", "Q\Q2\Q2.vcxproj", "{0CE36AA0-A007-44D4-B3FE-400382C1BE3F}"
EndProject
Project("{8BC9CEB8-8B4A-11D0-8D11-00A0C91BC942}") = "Q3", "Q\Q3\Q3.vcxproj", "{7C7D2479-34CA-4FCB-B91B-AA0108780A29}"
EndProject
Project("{8BC9CEB8-8B4A-11D0-8D11-00A0C91BC942}") = "Q4", "Q\Q4\Q4.vcxproj", "{EC77310E-A937-46F4-B909-CB68DCAA312B}"
EndProject
Project("{8BC9CEB8-8B4A-11D0-8D11-00A0C91BC942}") = "Q5", "Q\Q5\Q5.vcxproj", "{1854E685-A73B-4DED-8B65-41B7A7ADA22E}"
EndProject
Project("{8BC9CEB8-8B4A-11D0-8D11-00A0C91BC942}") = "bit", "operator\composite\bit\bit.vcxproj", "{1601E97D-28C7-4A9C-BABC-DC90CD9716EC}"
EndProject
Project("{8BC9CEB8-8B4A-11D0-8D11-00A0C91BC942}") = "Q6", "Q\Q6\Q6.vcxproj", "{95A3E026-FD13-474C-B5DC-7A2E00C6E5CE}"
EndProject
Project("{8BC9CEB8-8B4A-11D0-8D11-00A0C91BC942}") = "sizeOf", "susic\sizeOf\sizeOf.vcxproj", "{D17B9BA5-34EA-4289-B3CB-417F8F2C477C}"
EndProject
Project("{8BC9CEB8-8B4A-11D0-8D11-00A0C91BC942}") = "Q7", "Q\Q7\Q7.vcxproj", "{AE9D3393-2833-4549-BEE8-E1D814A5E909}"
EndProject
Project("{8BC9CEB8-8B4A-11D0-8D11-00A0C91BC942}") = "Q8", "Q\Q8\Q8.vcxproj", "{EB0BF2F7-0814-4FF3-9A4E-05169F3F333A}"
EndProject
Project("{8BC9CEB8-8B4A-11D0-8D11-00A0C91BC942}") = "Q9", "Q\Q9\Q9.vcxproj", "{C73B1AFD-F2F5-4D89-BD2C-E10705E286A1}"
EndProject
Project("{8BC9CEB8-8B4A-11D0-8D11-00A0C91BC942}") = "Logical_Operator", "susic\Logical_Operator\Logical_Operator.vcxproj", "{A02A415F-1E59-4AA5-9A96-06429C2AD389}"
EndProject
Project("{8BC9CEB8-8B4A-11D0-8D11-00A0C91BC942}") = "Q10", "Q\Q10\Q10.vcxproj", "{2DECBE0E-15F7-4609-A696-CD9EB0CD9D9B}"
EndProject
Project("{8BC9CEB8-8B4A-11D0-8D11-00A0C91BC942}") = "Q11", "Q\Q11\Q11.vcxproj", "{03AACDEB-5FDB-47E0-8D06-2A8AE78523C5}"
EndProject
Project("{8BC9CEB8-8B4A-11D0-8D11-00A0C91BC942}") = "Q12", "Q\Q12\Q12.vcxproj", "{B152B52A-84A3-4942-88B4-F076CC1549B5}"
EndProject
Project("{8BC9CEB8-8B4A-11D0-8D11-00A0C91BC942}") = "Practice1", "Practice\Practice1\Practice1.vcxproj", "{4D5CC28D-BA23-4181-B7E6-7769B39CDCB3}"
EndProject
Project("{8BC9CEB8-8B4A-11D0-8D11-00A0C91BC942}") = "Q13", "Q\Q13\Q13.vcxproj", "{620E8E27-BA95-4EBF-81A7-A597B1162973}"
EndProject
Project("{8BC9CEB8-8B4A-11D0-8D11-00A0C91BC942}") = "Q14", "Q\Q14\Q14.vcxproj", "{D9F48E9B-8348-437A-A533-F1D9DBF3C20F}"
EndProject
Project("{8BC9CEB8-8B4A-11D0-8D11-00A0C91BC942}") = "Q15", "Q\Q15\Q15.vcxproj", "{8A7D44D2-914A-4E46-A680-800E6860EC52}"
EndProject
Project("{8BC9CEB8-8B4A-11D0-8D11-00A0C91BC942}") = "Q16", "Q\Q16\Q16.vcxproj", "{0CCEEB3A-DF06-423F-AEE0-7E82728EACFF}"
EndProject
Global
	GlobalSection(SolutionConfigurationPlatforms) = preSolution
		Debug|x64 = Debug|x64
		Debug|x86 = Debug|x86
		Release|x64 = Release|x64
		Release|x86 = Release|x86
	EndGlobalSection
	GlobalSection(ProjectConfigurationPlatforms) = postSolution
		{14F3655C-2A94-47E5-9F27-106BCEB5CE47}.Debug|x64.ActiveCfg = Debug|x64
		{14F3655C-2A94-47E5-9F27-106BCEB5CE47}.Debug|x64.Build.0 = Debug|x64
		{14F3655C-2A94-47E5-9F27-106BCEB5CE47}.Debug|x86.ActiveCfg = Debug|Win32
		{14F3655C-2A94-47E5-9F27-106BCEB5CE47}.Debug|x86.Build.0 = Debug|Win32
		{14F3655C-2A94-47E5-9F27-106BCEB5CE47}.Release|x64.ActiveCfg = Release|x64
		{14F3655C-2A94-47E5-9F27-106BCEB5CE47}.Release|x64.Build.0 = Release|x64
		{14F3655C-2A94-47E5-9F27-106BCEB5CE47}.Release|x86.ActiveCfg = Release|Win32
		{14F3655C-2A94-47E5-9F27-106BCEB5CE47}.Release|x86.Build.0 = Release|Win32
		{4ADF69BA-FF11-4E5A-A658-FE6DFC097B7D}.Debug|x64.ActiveCfg = Debug|x64
		{4ADF69BA-FF11-4E5A-A658-FE6DFC097B7D}.Debug|x64.Build.0 = Debug|x64
		{4ADF69BA-FF11-4E5A-A658-FE6DFC097B7D}.Debug|x86.ActiveCfg = Debug|Win32
		{4ADF69BA-FF11-4E5A-A658-FE6DFC097B7D}.Debug|x86.Build.0 = Debug|Win32
		{4ADF69BA-FF11-4E5A-A658-FE6DFC097B7D}.Release|x64.ActiveCfg = Release|x64
		{4ADF69BA-FF11-4E5A-A658-FE6DFC097B7D}.Release|x64.Build.0 = Release|x64
		{4ADF69BA-FF11-4E5A-A658-FE6DFC097B7D}.Release|x86.ActiveCfg = Release|Win32
		{4ADF69BA-FF11-4E5A-A658-FE6DFC097B7D}.Release|x86.Build.0 = Release|Win32
		{80EF95DB-2544-440A-ABA5-B8C704F32831}.Debug|x64.ActiveCfg = Debug|x64
		{80EF95DB-2544-440A-ABA5-B8C704F32831}.Debug|x64.Build.0 = Debug|x64
		{80EF95DB-2544-440A-ABA5-B8C704F32831}.Debug|x86.ActiveCfg = Debug|Win32
		{80EF95DB-2544-440A-ABA5-B8C704F32831}.Debug|x86.Build.0 = Debug|Win32
		{80EF95DB-2544-440A-ABA5-B8C704F32831}.Release|x64.ActiveCfg = Release|x64
		{80EF95DB-2544-440A-ABA5-B8C704F32831}.Release|x64.Build.0 = Release|x64
		{80EF95DB-2544-440A-ABA5-B8C704F32831}.Release|x86.ActiveCfg = Release|Win32
		{80EF95DB-2544-440A-ABA5-B8C704F32831}.Release|x86.Build.0 = Release|Win32
		{CA90CCA0-0571-40CA-8FDC-A7FECF855A89}.Debug|x64.ActiveCfg = Debug|x64
		{CA90CCA0-0571-40CA-8FDC-A7FECF855A89}.Debug|x64.Build.0 = Debug|x64
		{CA90CCA0-0571-40CA-8FDC-A7FECF855A89}.Debug|x86.ActiveCfg = Debug|Win32
		{CA90CCA0-0571-40CA-8FDC-A7FECF855A89}.Debug|x86.Build.0 = Debug|Win32
		{CA90CCA0-0571-40CA-8FDC-A7FECF855A89}.Release|x64.ActiveCfg = Release|x64
		{CA90CCA0-0571-40CA-8FDC-A7FECF855A89}.Release|x64.Build.0 = Release|x64
		{CA90CCA0-0571-40CA-8FDC-A7FECF855A89}.Release|x86.ActiveCfg = Release|Win32
		{CA90CCA0-0571-40CA-8FDC-A7FECF855A89}.Release|x86.Build.0 = Release|Win32
		{7DC043F9-1941-4860-B206-2017F69DD9D4}.Debug|x64.ActiveCfg = Debug|x64
		{7DC043F9-1941-4860-B206-2017F69DD9D4}.Debug|x64.Build.0 = Debug|x64
		{7DC043F9-1941-4860-B206-2017F69DD9D4}.Debug|x86.ActiveCfg = Debug|Win32
		{7DC043F9-1941-4860-B206-2017F69DD9D4}.Debug|x86.Build.0 = Debug|Win32
		{7DC043F9-1941-4860-B206-2017F69DD9D4}.Release|x64.ActiveCfg = Release|x64
		{7DC043F9-1941-4860-B206-2017F69DD9D4}.Release|x64.Build.0 = Release|x64
		{7DC043F9-1941-4860-B206-2017F69DD9D4}.Release|x86.ActiveCfg = Release|Win32
		{7DC043F9-1941-4860-B206-2017F69DD9D4}.Release|x86.Build.0 = Release|Win32
		{21ADFD6E-30B8-4F75-A201-400F0C6A0135}.Debug|x64.ActiveCfg = Debug|x64
		{21ADFD6E-30B8-4F75-A201-400F0C6A0135}.Debug|x64.Build.0 = Debug|x64
		{21ADFD6E-30B8-4F75-A201-400F0C6A0135}.Debug|x86.ActiveCfg = Debug|Win32
		{21ADFD6E-30B8-4F75-A201-400F0C6A0135}.Debug|x86.Build.0 = Debug|Win32
		{21ADFD6E-30B8-4F75-A201-400F0C6A0135}.Release|x64.ActiveCfg = Release|x64
		{21ADFD6E-30B8-4F75-A201-400F0C6A0135}.Release|x64.Build.0 = Release|x64
		{21ADFD6E-30B8-4F75-A201-400F0C6A0135}.Release|x86.ActiveCfg = Release|Win32
		{21ADFD6E-30B8-4F75-A201-400F0C6A0135}.Release|x86.Build.0 = Release|Win32
		{3BA0F402-3B89-4215-9D61-A0C2851AC2BA}.Debug|x64.ActiveCfg = Debug|x64
		{3BA0F402-3B89-4215-9D61-A0C2851AC2BA}.Debug|x64.Build.0 = Debug|x64
		{3BA0F402-3B89-4215-9D61-A0C2851AC2BA}.Debug|x86.ActiveCfg = Debug|Win32
		{3BA0F402-3B89-4215-9D61-A0C2851AC2BA}.Debug|x86.Build.0 = Debug|Win32
		{3BA0F402-3B89-4215-9D61-A0C2851AC2BA}.Release|x64.ActiveCfg = Release|x64
		{3BA0F402-3B89-4215-9D61-A0C2851AC2BA}.Release|x64.Build.0 = Release|x64
		{3BA0F402-3B89-4215-9D61-A0C2851AC2BA}.Release|x86.ActiveCfg = Release|Win32
		{3BA0F402-3B89-4215-9D61-A0C2851AC2BA}.Release|x86.Build.0 = Release|Win32
		{817DA2B2-4EEA-41F6-96C6-1A276AADBC43}.Debug|x64.ActiveCfg = Debug|x64
		{817DA2B2-4EEA-41F6-96C6-1A276AADBC43}.Debug|x64.Build.0 = Debug|x64
		{817DA2B2-4EEA-41F6-96C6-1A276AADBC43}.Debug|x86.ActiveCfg = Debug|Win32
		{817DA2B2-4EEA-41F6-96C6-1A276AADBC43}.Debug|x86.Build.0 = Debug|Win32
		{817DA2B2-4EEA-41F6-96C6-1A276AADBC43}.Release|x64.ActiveCfg = Release|x64
		{817DA2B2-4EEA-41F6-96C6-1A276AADBC43}.Release|x64.Build.0 = Release|x64
		{817DA2B2-4EEA-41F6-96C6-1A276AADBC43}.Release|x86.ActiveCfg = Release|Win32
		{817DA2B2-4EEA-41F6-96C6-1A276AADBC43}.Release|x86.Build.0 = Release|Win32
		{B73A3C29-E21B-4739-A4CE-10E9E51F9E93}.Debug|x64.ActiveCfg = Debug|x64
		{B73A3C29-E21B-4739-A4CE-10E9E51F9E93}.Debug|x64.Build.0 = Debug|x64
		{B73A3C29-E21B-4739-A4CE-10E9E51F9E93}.Debug|x86.ActiveCfg = Debug|Win32
		{B73A3C29-E21B-4739-A4CE-10E9E51F9E93}.Debug|x86.Build.0 = Debug|Win32
		{B73A3C29-E21B-4739-A4CE-10E9E51F9E93}.Release|x64.ActiveCfg = Release|x64
		{B73A3C29-E21B-4739-A4CE-10E9E51F9E93}.Release|x64.Build.0 = Release|x64
		{B73A3C29-E21B-4739-A4CE-10E9E51F9E93}.Release|x86.ActiveCfg = Release|Win32
		{B73A3C29-E21B-4739-A4CE-10E9E51F9E93}.Release|x86.Build.0 = Release|Win32
		{6F1C7347-8CA2-4D65-A5E2-62242F59E297}.Debug|x64.ActiveCfg = Debug|x64
		{6F1C7347-8CA2-4D65-A5E2-62242F59E297}.Debug|x64.Build.0 = Debug|x64
		{6F1C7347-8CA2-4D65-A5E2-62242F59E297}.Debug|x86.ActiveCfg = Debug|Win32
		{6F1C7347-8CA2-4D65-A5E2-62242F59E297}.Debug|x86.Build.0 = Debug|Win32
		{6F1C7347-8CA2-4D65-A5E2-62242F59E297}.Release|x64.ActiveCfg = Release|x64
		{6F1C7347-8CA2-4D65-A5E2-62242F59E297}.Release|x64.Build.0 = Release|x64
		{6F1C7347-8CA2-4D65-A5E2-62242F59E297}.Release|x86.ActiveCfg = Release|Win32
		{6F1C7347-8CA2-4D65-A5E2-62242F59E297}.Release|x86.Build.0 = Release|Win32
		{354C5812-2B97-4A09-88A7-AC917FEC26EB}.Debug|x64.ActiveCfg = Debug|x64
		{354C5812-2B97-4A09-88A7-AC917FEC26EB}.Debug|x64.Build.0 = Debug|x64
		{354C5812-2B97-4A09-88A7-AC917FEC26EB}.Debug|x86.ActiveCfg = Debug|Win32
		{354C5812-2B97-4A09-88A7-AC917FEC26EB}.Debug|x86.Build.0 = Debug|Win32
		{354C5812-2B97-4A09-88A7-AC917FEC26EB}.Release|x64.ActiveCfg = Release|x64
		{354C5812-2B97-4A09-88A7-AC917FEC26EB}.Release|x64.Build.0 = Release|x64
		{354C5812-2B97-4A09-88A7-AC917FEC26EB}.Release|x86.ActiveCfg = Release|Win32
		{354C5812-2B97-4A09-88A7-AC917FEC26EB}.Release|x86.Build.0 = Release|Win32
		{0CE36AA0-A007-44D4-B3FE-400382C1BE3F}.Debug|x64.ActiveCfg = Debug|x64
		{0CE36AA0-A007-44D4-B3FE-400382C1BE3F}.Debug|x64.Build.0 = Debug|x64
		{0CE36AA0-A007-44D4-B3FE-400382C1BE3F}.Debug|x86.ActiveCfg = Debug|Win32
		{0CE36AA0-A007-44D4-B3FE-400382C1BE3F}.Debug|x86.Build.0 = Debug|Win32
		{0CE36AA0-A007-44D4-B3FE-400382C1BE3F}.Release|x64.ActiveCfg = Release|x64
		{0CE36AA0-A007-44D4-B3FE-400382C1BE3F}.Release|x64.Build.0 = Release|x64
		{0CE36AA0-A007-44D4-B3FE-400382C1BE3F}.Release|x86.ActiveCfg = Release|Win32
		{0CE36AA0-A007-44D4-B3FE-400382C1BE3F}.Release|x86.Build.0 = Release|Win32
		{7C7D2479-34CA-4FCB-B91B-AA0108780A29}.Debug|x64.ActiveCfg = Debug|x64
		{7C7D2479-34CA-4FCB-B91B-AA0108780A29}.Debug|x64.Build.0 = Debug|x64
		{7C7D2479-34CA-4FCB-B91B-AA0108780A29}.Debug|x86.ActiveCfg = Debug|Win32
		{7C7D2479-34CA-4FCB-B91B-AA0108780A29}.Debug|x86.Build.0 = Debug|Win32
		{7C7D2479-34CA-4FCB-B91B-AA0108780A29}.Release|x64.ActiveCfg = Release|x64
		{7C7D2479-34CA-4FCB-B91B-AA0108780A29}.Release|x64.Build.0 = Release|x64
		{7C7D2479-34CA-4FCB-B91B-AA0108780A29}.Release|x86.ActiveCfg = Release|Win32
		{7C7D2479-34CA-4FCB-B91B-AA0108780A29}.Release|x86.Build.0 = Release|Win32
		{EC77310E-A937-46F4-B909-CB68DCAA312B}.Debug|x64.ActiveCfg = Debug|x64
		{EC77310E-A937-46F4-B909-CB68DCAA312B}.Debug|x64.Build.0 = Debug|x64
		{EC77310E-A937-46F4-B909-CB68DCAA312B}.Debug|x86.ActiveCfg = Debug|Win32
		{EC77310E-A937-46F4-B909-CB68DCAA312B}.Debug|x86.Build.0 = Debug|Win32
		{EC77310E-A937-46F4-B909-CB68DCAA312B}.Release|x64.ActiveCfg = Release|x64
		{EC77310E-A937-46F4-B909-CB68DCAA312B}.Release|x64.Build.0 = Release|x64
		{EC77310E-A937-46F4-B909-CB68DCAA312B}.Release|x86.ActiveCfg = Release|Win32
		{EC77310E-A937-46F4-B909-CB68DCAA312B}.Release|x86.Build.0 = Release|Win32
		{1854E685-A73B-4DED-8B65-41B7A7ADA22E}.Debug|x64.ActiveCfg = Debug|x64
		{1854E685-A73B-4DED-8B65-41B7A7ADA22E}.Debug|x64.Build.0 = Debug|x64
		{1854E685-A73B-4DED-8B65-41B7A7ADA22E}.Debug|x86.ActiveCfg = Debug|Win32
		{1854E685-A73B-4DED-8B65-41B7A7ADA22E}.Debug|x86.Build.0 = Debug|Win32
		{1854E685-A73B-4DED-8B65-41B7A7ADA22E}.Release|x64.ActiveCfg = Release|x64
		{1854E685-A73B-4DED-8B65-41B7A7ADA22E}.Release|x64.Build.0 = Release|x64
		{1854E685-A73B-4DED-8B65-41B7A7ADA22E}.Release|x86.ActiveCfg = Release|Win32
		{1854E685-A73B-4DED-8B65-41B7A7ADA22E}.Release|x86.Build.0 = Release|Win32
		{1601E97D-28C7-4A9C-BABC-DC90CD9716EC}.Debug|x64.ActiveCfg = Debug|x64
		{1601E97D-28C7-4A9C-BABC-DC90CD9716EC}.Debug|x64.Build.0 = Debug|x64
		{1601E97D-28C7-4A9C-BABC-DC90CD9716EC}.Debug|x86.ActiveCfg = Debug|Win32
		{1601E97D-28C7-4A9C-BABC-DC90CD9716EC}.Debug|x86.Build.0 = Debug|Win32
		{1601E97D-28C7-4A9C-BABC-DC90CD9716EC}.Release|x64.ActiveCfg = Release|x64
		{1601E97D-28C7-4A9C-BABC-DC90CD9716EC}.Release|x64.Build.0 = Release|x64
		{1601E97D-28C7-4A9C-BABC-DC90CD9716EC}.Release|x86.ActiveCfg = Release|Win32
		{1601E97D-28C7-4A9C-BABC-DC90CD9716EC}.Release|x86.Build.0 = Release|Win32
		{95A3E026-FD13-474C-B5DC-7A2E00C6E5CE}.Debug|x64.ActiveCfg = Debug|x64
		{95A3E026-FD13-474C-B5DC-7A2E00C6E5CE}.Debug|x64.Build.0 = Debug|x64
		{95A3E026-FD13-474C-B5DC-7A2E00C6E5CE}.Debug|x86.ActiveCfg = Debug|Win32
		{95A3E026-FD13-474C-B5DC-7A2E00C6E5CE}.Debug|x86.Build.0 = Debug|Win32
		{95A3E026-FD13-474C-B5DC-7A2E00C6E5CE}.Release|x64.ActiveCfg = Release|x64
		{95A3E026-FD13-474C-B5DC-7A2E00C6E5CE}.Release|x64.Build.0 = Release|x64
		{95A3E026-FD13-474C-B5DC-7A2E00C6E5CE}.Release|x86.ActiveCfg = Release|Win32
		{95A3E026-FD13-474C-B5DC-7A2E00C6E5CE}.Release|x86.Build.0 = Release|Win32
		{D17B9BA5-34EA-4289-B3CB-417F8F2C477C}.Debug|x64.ActiveCfg = Debug|x64
		{D17B9BA5-34EA-4289-B3CB-417F8F2C477C}.Debug|x64.Build.0 = Debug|x64
		{D17B9BA5-34EA-4289-B3CB-417F8F2C477C}.Debug|x86.ActiveCfg = Debug|Win32
		{D17B9BA5-34EA-4289-B3CB-417F8F2C477C}.Debug|x86.Build.0 = Debug|Win32
		{D17B9BA5-34EA-4289-B3CB-417F8F2C477C}.Release|x64.ActiveCfg = Release|x64
		{D17B9BA5-34EA-4289-B3CB-417F8F2C477C}.Release|x64.Build.0 = Release|x64
		{D17B9BA5-34EA-4289-B3CB-417F8F2C477C}.Release|x86.ActiveCfg = Release|Win32
		{D17B9BA5-34EA-4289-B3CB-417F8F2C477C}.Release|x86.Build.0 = Release|Win32
		{AE9D3393-2833-4549-BEE8-E1D814A5E909}.Debug|x64.ActiveCfg = Debug|x64
		{AE9D3393-2833-4549-BEE8-E1D814A5E909}.Debug|x64.Build.0 = Debug|x64
		{AE9D3393-2833-4549-BEE8-E1D814A5E909}.Debug|x86.ActiveCfg = Debug|Win32
		{AE9D3393-2833-4549-BEE8-E1D814A5E909}.Debug|x86.Build.0 = Debug|Win32
		{AE9D3393-2833-4549-BEE8-E1D814A5E909}.Release|x64.ActiveCfg = Release|x64
		{AE9D3393-2833-4549-BEE8-E1D814A5E909}.Release|x64.Build.0 = Release|x64
		{AE9D3393-2833-4549-BEE8-E1D814A5E909}.Release|x86.ActiveCfg = Release|Win32
		{AE9D3393-2833-4549-BEE8-E1D814A5E909}.Release|x86.Build.0 = Release|Win32
		{EB0BF2F7-0814-4FF3-9A4E-05169F3F333A}.Debug|x64.ActiveCfg = Debug|x64
		{EB0BF2F7-0814-4FF3-9A4E-05169F3F333A}.Debug|x64.Build.0 = Debug|x64
		{EB0BF2F7-0814-4FF3-9A4E-05169F3F333A}.Debug|x86.ActiveCfg = Debug|Win32
		{EB0BF2F7-0814-4FF3-9A4E-05169F3F333A}.Debug|x86.Build.0 = Debug|Win32
		{EB0BF2F7-0814-4FF3-9A4E-05169F3F333A}.Release|x64.ActiveCfg = Release|x64
		{EB0BF2F7-0814-4FF3-9A4E-05169F3F333A}.Release|x64.Build.0 = Release|x64
		{EB0BF2F7-0814-4FF3-9A4E-05169F3F333A}.Release|x86.ActiveCfg = Release|Win32
		{EB0BF2F7-0814-4FF3-9A4E-05169F3F333A}.Release|x86.Build.0 = Release|Win32
		{C73B1AFD-F2F5-4D89-BD2C-E10705E286A1}.Debug|x64.ActiveCfg = Debug|x64
		{C73B1AFD-F2F5-4D89-BD2C-E10705E286A1}.Debug|x64.Build.0 = Debug|x64
		{C73B1AFD-F2F5-4D89-BD2C-E10705E286A1}.Debug|x86.ActiveCfg = Debug|Win32
		{C73B1AFD-F2F5-4D89-BD2C-E10705E286A1}.Debug|x86.Build.0 = Debug|Win32
		{C73B1AFD-F2F5-4D89-BD2C-E10705E286A1}.Release|x64.ActiveCfg = Release|x64
		{C73B1AFD-F2F5-4D89-BD2C-E10705E286A1}.Release|x64.Build.0 = Release|x64
		{C73B1AFD-F2F5-4D89-BD2C-E10705E286A1}.Release|x86.ActiveCfg = Release|Win32
		{C73B1AFD-F2F5-4D89-BD2C-E10705E286A1}.Release|x86.Build.0 = Release|Win32
		{A02A415F-1E59-4AA5-9A96-06429C2AD389}.Debug|x64.ActiveCfg = Debug|x64
		{A02A415F-1E59-4AA5-9A96-06429C2AD389}.Debug|x64.Build.0 = Debug|x64
		{A02A415F-1E59-4AA5-9A96-06429C2AD389}.Debug|x86.ActiveCfg = Debug|Win32
		{A02A415F-1E59-4AA5-9A96-06429C2AD389}.Debug|x86.Build.0 = Debug|Win32
		{A02A415F-1E59-4AA5-9A96-06429C2AD389}.Release|x64.ActiveCfg = Release|x64
		{A02A415F-1E59-4AA5-9A96-06429C2AD389}.Release|x64.Build.0 = Release|x64
		{A02A415F-1E59-4AA5-9A96-06429C2AD389}.Release|x86.ActiveCfg = Release|Win32
		{A02A415F-1E59-4AA5-9A96-06429C2AD389}.Release|x86.Build.0 = Release|Win32
		{2DECBE0E-15F7-4609-A696-CD9EB0CD9D9B}.Debug|x64.ActiveCfg = Debug|x64
		{2DECBE0E-15F7-4609-A696-CD9EB0CD9D9B}.Debug|x64.Build.0 = Debug|x64
		{2DECBE0E-15F7-4609-A696-CD9EB0CD9D9B}.Debug|x86.ActiveCfg = Debug|Win32
		{2DECBE0E-15F7-4609-A696-CD9EB0CD9D9B}.Debug|x86.Build.0 = Debug|Win32
		{2DECBE0E-15F7-4609-A696-CD9EB0CD9D9B}.Release|x64.ActiveCfg = Release|x64
		{2DECBE0E-15F7-4609-A696-CD9EB0CD9D9B}.Release|x64.Build.0 = Release|x64
		{2DECBE0E-15F7-4609-A696-CD9EB0CD9D9B}.Release|x86.ActiveCfg = Release|Win32
		{2DECBE0E-15F7-4609-A696-CD9EB0CD9D9B}.Release|x86.Build.0 = Release|Win32
		{03AACDEB-5FDB-47E0-8D06-2A8AE78523C5}.Debug|x64.ActiveCfg = Debug|x64
		{03AACDEB-5FDB-47E0-8D06-2A8AE78523C5}.Debug|x64.Build.0 = Debug|x64
		{03AACDEB-5FDB-47E0-8D06-2A8AE78523C5}.Debug|x86.ActiveCfg = Debug|Win32
		{03AACDEB-5FDB-47E0-8D06-2A8AE78523C5}.Debug|x86.Build.0 = Debug|Win32
		{03AACDEB-5FDB-47E0-8D06-2A8AE78523C5}.Release|x64.ActiveCfg = Release|x64
		{03AACDEB-5FDB-47E0-8D06-2A8AE78523C5}.Release|x64.Build.0 = Release|x64
		{03AACDEB-5FDB-47E0-8D06-2A8AE78523C5}.Release|x86.ActiveCfg = Release|Win32
		{03AACDEB-5FDB-47E0-8D06-2A8AE78523C5}.Release|x86.Build.0 = Release|Win32
		{B152B52A-84A3-4942-88B4-F076CC1549B5}.Debug|x64.ActiveCfg = Debug|x64
		{B152B52A-84A3-4942-88B4-F076CC1549B5}.Debug|x64.Build.0 = Debug|x64
		{B152B52A-84A3-4942-88B4-F076CC1549B5}.Debug|x86.ActiveCfg = Debug|Win32
		{B152B52A-84A3-4942-88B4-F076CC1549B5}.Debug|x86.Build.0 = Debug|Win32
		{B152B52A-84A3-4942-88B4-F076CC1549B5}.Release|x64.ActiveCfg = Release|x64
		{B152B52A-84A3-4942-88B4-F076CC1549B5}.Release|x64.Build.0 = Release|x64
		{B152B52A-84A3-4942-88B4-F076CC1549B5}.Release|x86.ActiveCfg = Release|Win32
		{B152B52A-84A3-4942-88B4-F076CC1549B5}.Release|x86.Build.0 = Release|Win32
		{4D5CC28D-BA23-4181-B7E6-7769B39CDCB3}.Debug|x64.ActiveCfg = Debug|x64
		{4D5CC28D-BA23-4181-B7E6-7769B39CDCB3}.Debug|x64.Build.0 = Debug|x64
		{4D5CC28D-BA23-4181-B7E6-7769B39CDCB3}.Debug|x86.ActiveCfg = Debug|Win32
		{4D5CC28D-BA23-4181-B7E6-7769B39CDCB3}.Debug|x86.Build.0 = Debug|Win32
		{4D5CC28D-BA23-4181-B7E6-7769B39CDCB3}.Release|x64.ActiveCfg = Release|x64
		{4D5CC28D-BA23-4181-B7E6-7769B39CDCB3}.Release|x64.Build.0 = Release|x64
		{4D5CC28D-BA23-4181-B7E6-7769B39CDCB3}.Release|x86.ActiveCfg = Release|Win32
		{4D5CC28D-BA23-4181-B7E6-7769B39CDCB3}.Release|x86.Build.0 = Release|Win32
		{620E8E27-BA95-4EBF-81A7-A597B1162973}.Debug|x64.ActiveCfg = Debug|x64
		{620E8E27-BA95-4EBF-81A7-A597B1162973}.Debug|x64.Build.0 = Debug|x64
		{620E8E27-BA95-4EBF-81A7-A597B1162973}.Debug|x86.ActiveCfg = Debug|Win32
		{620E8E27-BA95-4EBF-81A7-A597B1162973}.Debug|x86.Build.0 = Debug|Win32
		{620E8E27-BA95-4EBF-81A7-A597B1162973}.Release|x64.ActiveCfg = Release|x64
		{620E8E27-BA95-4EBF-81A7-A597B1162973}.Release|x64.Build.0 = Release|x64
		{620E8E27-BA95-4EBF-81A7-A597B1162973}.Release|x86.ActiveCfg = Release|Win32
		{620E8E27-BA95-4EBF-81A7-A597B1162973}.Release|x86.Build.0 = Release|Win32
		{D9F48E9B-8348-437A-A533-F1D9DBF3C20F}.Debug|x64.ActiveCfg = Debug|x64
		{D9F48E9B-8348-437A-A533-F1D9DBF3C20F}.Debug|x64.Build.0 = Debug|x64
		{D9F48E9B-8348-437A-A533-F1D9DBF3C20F}.Debug|x86.ActiveCfg = Debug|Win32
		{D9F48E9B-8348-437A-A533-F1D9DBF3C20F}.Debug|x86.Build.0 = Debug|Win32
		{D9F48E9B-8348-437A-A533-F1D9DBF3C20F}.Release|x64.ActiveCfg = Release|x64
		{D9F48E9B-8348-437A-A533-F1D9DBF3C20F}.Release|x64.Build.0 = Release|x64
		{D9F48E9B-8348-437A-A533-F1D9DBF3C20F}.Release|x86.ActiveCfg = Release|Win32
		{D9F48E9B-8348-437A-A533-F1D9DBF3C20F}.Release|x86.Build.0 = Release|Win32
		{8A7D44D2-914A-4E46-A680-800E6860EC52}.Debug|x64.ActiveCfg = Debug|x64
		{8A7D44D2-914A-4E46-A680-800E6860EC52}.Debug|x64.Build.0 = Debug|x64
		{8A7D44D2-914A-4E46-A680-800E6860EC52}.Debug|x86.ActiveCfg = Debug|Win32
		{8A7D44D2-914A-4E46-A680-800E6860EC52}.Debug|x86.Build.0 = Debug|Win32
		{8A7D44D2-914A-4E46-A680-800E6860EC52}.Release|x64.ActiveCfg = Release|x64
		{8A7D44D2-914A-4E46-A680-800E6860EC52}.Release|x64.Build.0 = Release|x64
		{8A7D44D2-914A-4E46-A680-800E6860EC52}.Release|x86.ActiveCfg = Release|Win32
		{8A7D44D2-914A-4E46-A680-800E6860EC52}.Release|x86.Build.0 = Release|Win32
		{0CCEEB3A-DF06-423F-AEE0-7E82728EACFF}.Debug|x64.ActiveCfg = Debug|x64
		{0CCEEB3A-DF06-423F-AEE0-7E82728EACFF}.Debug|x64.Build.0 = Debug|x64
		{0CCEEB3A-DF06-423F-AEE0-7E82728EACFF}.Debug|x86.ActiveCfg = Debug|Win32
		{0CCEEB3A-DF06-423F-AEE0-7E82728EACFF}.Debug|x86.Build.0 = Debug|Win32
		{0CCEEB3A-DF06-423F-AEE0-7E82728EACFF}.Release|x64.ActiveCfg = Release|x64
		{0CCEEB3A-DF06-423F-AEE0-7E82728EACFF}.Release|x64.Build.0 = Release|x64
		{0CCEEB3A-DF06-423F-AEE0-7E82728EACFF}.Release|x86.ActiveCfg = Release|Win32
		{0CCEEB3A-DF06-423F-AEE0-7E82728EACFF}.Release|x86.Build.0 = Release|Win32
	EndGlobalSection
	GlobalSection(SolutionProperties) = preSolution
		HideSolutionNode = FALSE
	EndGlobalSection
	GlobalSection(ExtensibilityGlobals) = postSolution
		SolutionGuid = {0132D559-8608-4B07-A622-3A629BF275F3}
	EndGlobalSection
EndGlobal
